
Microsoft Visual Studio Solution File, Format Version 12.00
# Visual Studio Version 16
VisualStudioVersion = 16.0.31515.178
MinimumVisualStudioVersion = 10.0.40219.1
Project("{888888A0-9F3D-457C-B088-3A5042F75D52}") = "VinczeMilan", "VinczeMilan.pyproj", "{7CC123A0-B823-43F7-999E-D401DED16C3D}"
EndProject
Global
	GlobalSection(SolutionConfigurationPlatforms) = preSolution
		Debug|Any CPU = Debug|Any CPU
		Release|Any CPU = Release|Any CPU
	EndGlobalSection
	GlobalSection(ProjectConfigurationPlatforms) = postSolution
		{7CC123A0-B823-43F7-999E-D401DED16C3D}.Debug|Any CPU.ActiveCfg = Debug|Any CPU
		{7CC123A0-B823-43F7-999E-D401DED16C3D}.Release|Any CPU.ActiveCfg = Release|Any CPU
	EndGlobalSection
	GlobalSection(SolutionProperties) = preSolution
		HideSolutionNode = FALSE
	EndGlobalSection
	GlobalSection(ExtensibilityGlobals) = postSolution
		SolutionGuid = {1929DD2A-E31D-4635-9A2F-6A1D073ACCCF}
	EndGlobalSection
EndGlobal
